
Microsoft Visual Studio Solution File, Format Version 12.00
# Visual Studio Version 16
VisualStudioVersion = 16.0.31205.134
MinimumVisualStudioVersion = 10.0.40219.1
Project("{FAE04EC0-301F-11D3-BF4B-00C04F79EFBC}") = "CurrencyApp", "CurrencyApp\CurrencyApp.csproj", "{947C0A40-B9A8-4627-AFCC-255459D45ACC}"
EndProject
Global
	GlobalSection(SolutionConfigurationPlatforms) = preSolution
		Debug|Any CPU = Debug|Any CPU
		Release|Any CPU = Release|Any CPU
	EndGlobalSection
	GlobalSection(ProjectConfigurationPlatforms) = postSolution
		{947C0A40-B9A8-4627-AFCC-255459D45ACC}.Debug|Any CPU.ActiveCfg = Debug|Any CPU
		{947C0A40-B9A8-4627-AFCC-255459D45ACC}.Debug|Any CPU.Build.0 = Debug|Any CPU
		{947C0A40-B9A8-4627-AFCC-255459D45ACC}.Release|Any CPU.ActiveCfg = Release|Any CPU
		{947C0A40-B9A8-4627-AFCC-255459D45ACC}.Release|Any CPU.Build.0 = Release|Any CPU
	EndGlobalSection
	GlobalSection(SolutionProperties) = preSolution
		HideSolutionNode = FALSE
	EndGlobalSection
	GlobalSection(ExtensibilityGlobals) = postSolution
		SolutionGuid = {18A9CBB5-80E0-4344-B228-FC7029ACC8AF}
	EndGlobalSection
EndGlobal
